// !$*UTF8*$!
{
	archiveVersion = 1;
	classes = {
	};
	objectVersion = 46;
	objects = {

/* Begin PBXBuildFile section */
		7628B3EB1ED4788E0009EFF2 /* AppDelegate.swift in Sources */ = {isa = PBXBuildFile; fileRef = 7628B3EA1ED4788E0009EFF2 /* AppDelegate.swift */; };
		7628B3ED1ED4788E0009EFF2 /* ViewController.swift in Sources */ = {isa = PBXBuildFile; fileRef = 7628B3EC1ED4788E0009EFF2 /* ViewController.swift */; };
		7628B3F01ED4788F0009EFF2 /* Main.storyboard in Resources */ = {isa = PBXBuildFile; fileRef = 7628B3EE1ED4788F0009EFF2 /* Main.storyboard */; };
		7628B3F21ED4788F0009EFF2 /* Assets.xcassets in Resources */ = {isa = PBXBuildFile; fileRef = 7628B3F11ED4788F0009EFF2 /* Assets.xcassets */; };
		7628B3F51ED4788F0009EFF2 /* LaunchScreen.storyboard in Resources */ = {isa = PBXBuildFile; fileRef = 7628B3F31ED4788F0009EFF2 /* LaunchScreen.storyboard */; };
		76594AFA1ED49CA100A6DAE7 /* Sorter.swift in Sources */ = {isa = PBXBuildFile; fileRef = 76594AF91ED49CA100A6DAE7 /* Sorter.swift */; };
/* End PBXBuildFile section */

/* Begin PBXFileReference section */
		7628B3E71ED4788E0009EFF2 /* SimpleTableView.app */ = {isa = PBXFileReference; explicitFileType = wrapper.application; includeInIndex = 0; path = SimpleTableView.app; sourceTree = BUILT_PRODUCTS_DIR; };
		7628B3EA1ED4788E0009EFF2 /* AppDelegate.swift */ = {isa = PBXFileReference; lastKnownFileType = sourcecode.swift; path = AppDelegate.swift; sourceTree = "<group>"; };
		7628B3EC1ED4788E0009EFF2 /* ViewController.swift */ = {isa = PBXFileReference; lastKnownFileType = sourcecode.swift; path = ViewController.swift; sourceTree = "<group>"; };
		7628B3EF1ED4788F0009EFF2 /* Base */ = {isa = PBXFileReference; lastKnownFileType = file.storyboard; name = Base; path = Base.lproj/Main.storyboard; sourceTree = "<group>"; };
		7628B3F11ED4788F0009EFF2 /* Assets.xcassets */ = {isa = PBXFileReference; lastKnownFileType = folder.assetcatalog; path = Assets.xcassets; sourceTree = "<group>"; };
		7628B3F41ED4788F0009EFF2 /* Base */ = {isa = PBXFileReference; lastKnownFileType = file.storyboard; name = Base; path = Base.lproj/LaunchScreen.storyboard; sourceTree = "<group>"; };
		7628B3F61ED4788F0009EFF2 /* Info.plist */ = {isa = PBXFileReference; lastKnownFileType = text.plist.xml; path = Info.plist; sourceTree = "<group>"; };
		76594AF91ED49CA100A6DAE7 /* Sorter.swift */ = {isa = PBXFileReference; fileEncoding = 4; lastKnownFileType = sourcecode.swift; path = Sorter.swift; sourceTree = "<group>"; };
/* End PBXFileReference section */

/* Begin PBXFrameworksBuildPhase section */
		7628B3E41ED4788E0009EFF2 /* Frameworks */ = {
			isa = PBXFrameworksBuildPhase;
			buildActionMask = 2147483647;
			files = (
			);
			runOnlyForDeploymentPostprocessing = 0;
		};
/* End PBXFrameworksBuildPhase section */

/* Begin PBXGroup section */
		7628B3DE1ED4788E0009EFF2 = {
			isa = PBXGroup;
			children = (
				7628B3E91ED4788E0009EFF2 /* SimpleTableView */,
				7628B3E81ED4788E0009EFF2 /* Products */,
			);
			sourceTree = "<group>";
		};
		7628B3E81ED4788E0009EFF2 /* Products */ = {
			isa = PBXGroup;
			children = (
				7628B3E71ED4788E0009EFF2 /* SimpleTableView.app */,
			);
			name = Products;
			sourceTree = "<group>";
		};
		7628B3E91ED4788E0009EFF2 /* SimpleTableView */ = {
			isa = PBXGroup;
			children = (
				7628B3EA1ED4788E0009EFF2 /* AppDelegate.swift */,
				7628B3EC1ED4788E0009EFF2 /* ViewController.swift */,
				7628B3EE1ED4788F0009EFF2 /* Main.storyboard */,
				7628B3F11ED4788F0009EFF2 /* Assets.xcassets */,
				7628B3F31ED4788F0009EFF2 /* LaunchScreen.storyboard */,
				7628B3F61ED4788F0009EFF2 /* Info.plist */,
				76594AF91ED49CA100A6DAE7 /* Sorter.swift */,
			);
			path = SimpleTableView;
			sourceTree = "<group>";
		};
/* End PBXGroup section */

/* Begin PBXNativeTarget section */
		7628B3E61ED4788E0009EFF2 /* SimpleTableView */ = {
			isa = PBXNativeTarget;
			buildConfigurationList = 7628B3F91ED4788F0009EFF2 /* Build configuration list for PBXNativeTarget "SimpleTableView" */;
			buildPhases = (
				7628B3E31ED4788E0009EFF2 /* Sources */,
				7628B3E41ED4788E0009EFF2 /* Frameworks */,
				7628B3E51ED4788E0009EFF2 /* Resources */,
			);
			buildRules = (
			);
			dependencies = (
			);
			name = SimpleTableView;
			productName = SimpleTableView;
			productReference = 7628B3E71ED4788E0009EFF2 /* SimpleTableView.app */;
			productType = "com.apple.product-type.application";
		};
/* End PBXNativeTarget section */

/* Begin PBXProject section */
		7628B3DF1ED4788E0009EFF2 /* Project object */ = {
			isa = PBXProject;
			attributes = {
				LastSwiftUpdateCheck = 0830;
				LastUpgradeCheck = 0830;
				ORGANIZATIONNAME = Andrew;
				TargetAttributes = {
					7628B3E61ED4788E0009EFF2 = {
						CreatedOnToolsVersion = 8.3.2;
						ProvisioningStyle = Automatic;
					};
				};
			};
			buildConfigurationList = 7628B3E21ED4788E0009EFF2 /* Build configuration list for PBXProject "SimpleTableView" */;
			compatibilityVersion = "Xcode 3.2";
			developmentRegion = English;
			hasScannedForEncodings = 0;
			knownRegions = (
				en,
				Base,
			);
			mainGroup = 7628B3DE1ED4788E0009EFF2;
			productRefGroup = 7628B3E81ED4788E0009EFF2 /* Products */;
			projectDirPath = "";
			projectRoot = "";
			targets = (
				7628B3E61ED4788E0009EFF2 /* SimpleTableView */,
			);
		};
/* End PBXProject section */

/* Begin PBXResourcesBuildPhase section */
		7628B3E51ED4788E0009EFF2 /* Resources */ = {
			isa = PBXResourcesBuildPhase;
			buildActionMask = 2147483647;
			files = (
				7628B3F51ED4788F0009EFF2 /* LaunchScreen.storyboard in Resources */,
				7628B3F21ED4788F0009EFF2 /* Assets.xcassets in Resources */,
				7628B3F01ED4788F0009EFF2 /* Main.storyboard in Resources */,
			);
			runOnlyForDeploymentPostprocessing = 0;
		};
/* End PBXResourcesBuildPhase section */

/* Begin PBXSourcesBuildPhase section */
		7628B3E31ED4788E0009EFF2 /* Sources */ = {
			isa = PBXSourcesBuildPhase;
			buildActionMask = 2147483647;
			files = (
				76594AFA1ED49CA100A6DAE7 /* Sorter.swift in Sources */,
				7628B3ED1ED4788E0009EFF2 /* ViewController.swift in Sources */,
				7628B3EB1ED4788E0009EFF2 /* AppDelegate.swift in Sources */,
			);
			runOnlyForDeploymentPostprocessing = 0;
		};
/* End PBXSourcesBuildPhase section */

/* Begin PBXVariantGroup section */
		7628B3EE1ED4788F0009EFF2 /* Main.storyboard */ = {
			isa = PBXVariantGroup;
			children = (
				7628B3EF1ED4788F0009EFF2 /* Base */,
			);
			name = Main.storyboard;
			sourceTree = "<group>";
		};
		7628B3F31ED4788F0009EFF2 /* LaunchScreen.storyboard */ = {
			isa = PBXVariantGroup;
			children = (
				7628B3F41ED4788F0009EFF2 /* Base */,
			);
			name = LaunchScreen.storyboard;
			sourceTree = "<group>";
		};
/* End PBXVariantGroup section */

/* Begin XCBuildConfiguration section */
		7628B3F71ED4788F0009EFF2 /* Debug */ = {
			isa = XCBuildConfiguration;
			buildSettings = {
				ALWAYS_SEARCH_USER_PATHS = NO;
				CLANG_ANALYZER_NONNULL = YES;
				CLANG_ANALYZER_NUMBER_OBJECT_CONVERSION = YES_AGGRESSIVE;
				CLANG_CXX_LANGUAGE_STANDARD = "gnu++0x";
				CLANG_CXX_LIBRARY = "libc++";
				CLANG_ENABLE_MODULES = YES;
				CLANG_ENABLE_OBJC_ARC = YES;
				CLANG_WARN_BOOL_CONVERSION = YES;
				CLANG_WARN_CONSTANT_CONVERSION = YES;
				CLANG_WARN_DIRECT_OBJC_ISA_USAGE = YES_ERROR;
				CLANG_WARN_DOCUMENTATION_COMMENTS = YES;
				CLANG_WARN_EMPTY_BODY = YES;
				CLANG_WARN_ENUM_CONVERSION = YES;
				CLANG_WARN_INFINITE_RECURSION = YES;
				CLANG_WARN_INT_CONVERSION = YES;
				CLANG_WARN_OBJC_ROOT_CLASS = YES_ERROR;
				CLANG_WARN_SUSPICIOUS_MOVE = YES;
				CLANG_WARN_UNREACHABLE_CODE = YES;
				CLANG_WARN__DUPLICATE_METHOD_MATCH = YES;
				"CODE_SIGN_IDENTITY[sdk=iphoneos*]" = "iPhone Developer";
				COPY_PHASE_STRIP = NO;
				DEBUG_INFORMATION_FORMAT = dwarf;
				ENABLE_STRICT_OBJC_MSGSEND = YES;
				ENABLE_TESTABILITY = YES;
				GCC_C_LANGUAGE_STANDARD = gnu99;
				GCC_DYNAMIC_NO_PIC = NO;
				GCC_NO_COMMON_BLOCKS = YES;
				GCC_OPTIMIZATION_LEVEL = 0;
				GCC_PREPROCESSOR_DEFINITIONS = (
					"DEBUG=1",
					"$(inherited)",
				);
				GCC_WARN_64_TO_32_BIT_CONVERSION = YES;
				GCC_WARN_ABOUT_RETURN_TYPE = YES_ERROR;
				GCC_WARN_UNDECLARED_SELECTOR = YES;
				GCC_WARN_UNINITIALIZED_AUTOS = YES_AGGRESSIVE;
				GCC_WARN_UNUSED_FUNCTION = YES;
				GCC_WARN_UNUSED_VARIABLE = YES;
				IPHONEOS_DEPLOYMENT_TARGET = 10.3;
				MTL_ENABLE_DEBUG_INFO = YES;
				ONLY_ACTIVE_ARCH = YES;
				SDKROOT = iphoneos;
				SWIFT_ACTIVE_COMPILATION_CONDITIONS = DEBUG;
				SWIFT_OPTIMIZATION_LEVEL = "-Onone";
			};
			name = Debug;
		};
		7628B3F81ED4788F0009EFF2 /* Release */ = {
			isa = XCBuildConfiguration;
			buildSettings = {
				ALWAYS_SEARCH_USER_PATHS = NO;
				CLANG_ANALYZER_NONNULL = YES;
				CLANG_ANALYZER_NUMBER_OBJECT_CONVERSION = YES_AGGRESSIVE;
				CLANG_CXX_LANGUAGE_STANDARD = "gnu++0x";
				CLANG_CXX_LIBRARY = "libc++";
				CLANG_ENABLE_MODULES = YES;
				CLANG_ENABLE_OBJC_ARC = YES;
				CLANG_WARN_BOOL_CONVERSION = YES;
				CLANG_WARN_CONSTANT_CONVERSION = YES;
				CLANG_WARN_DIRECT_OBJC_ISA_USAGE = YES_ERROR;
				CLANG_WARN_DOCUMENTATION_COMMENTS = YES;
				CLANG_WARN_EMPTY_BODY = YES;
				CLANG_WARN_ENUM_CONVERSION = YES;
				CLANG_WARN_INFINITE_RECURSION = YES;
				CLANG_WARN_INT_CONVERSION = YES;
				CLANG_WARN_OBJC_ROOT_CLASS = YES_ERROR;
				CLANG_WARN_SUSPICIOUS_MOVE = YES;
				CLANG_WARN_UNREACHABLE_CODE = YES;
				CLANG_WARN__DUPLICATE_METHOD_MATCH = YES;
				"CODE_SIGN_IDENTITY[sdk=iphoneos*]" = "iPhone Developer";
				COPY_PHASE_STRIP = NO;
				DEBUG_INFORMATION_FORMAT = "dwarf-with-dsym";
				ENABLE_NS_ASSERTIONS = NO;
				ENABLE_STRICT_OBJC_MSGSEND = YES;
				GCC_C_LANGUAGE_STANDARD = gnu99;
				GCC_NO_COMMON_BLOCKS = YES;
				GCC_WARN_64_TO_32_BIT_CONVERSION = YES;
				GCC_WARN_ABOUT_RETURN_TYPE = YES_ERROR;
				GCC_WARN_UNDECLARED_SELECTOR = YES;
				GCC_WARN_UNINITIALIZED_AUTOS = YES_AGGRESSIVE;
				GCC_WARN_UNUSED_FUNCTION = YES;
				GCC_WARN_UNUSED_VARIABLE = YES;
				IPHONEOS_DEPLOYMENT_TARGET = 10.3;
				MTL_ENABLE_DEBUG_INFO = NO;
				SDKROOT = iphoneos;
				SWIFT_OPTIMIZATION_LEVEL = "-Owholemodule";
				VALIDATE_PRODUCT = YES;
			};
			name = Release;
		};
		7628B3FA1ED4788F0009EFF2 /* Debug */ = {
			isa = XCBuildConfiguration;
			buildSettings = {
				ASSETCATALOG_COMPILER_APPICON_NAME = AppIcon;
				INFOPLIST_FILE = SimpleTableView/Info.plist;
				LD_RUNPATH_SEARCH_PATHS = "$(inherited) @executable_path/Frameworks";
				PRODUCT_BUNDLE_IDENTIFIER = com.epam.SimpleTableView;
				PRODUCT_NAME = "$(TARGET_NAME)";
				SWIFT_VERSION = 3.0;
			};
			name = Debug;
		};
		7628B3FB1ED4788F0009EFF2 /* Release */ = {
			isa = XCBuildConfiguration;
			buildSettings = {
				ASSETCATALOG_COMPILER_APPICON_NAME = AppIcon;
				INFOPLIST_FILE = SimpleTableView/Info.plist;
				LD_RUNPATH_SEARCH_PATHS = "$(inherited) @executable_path/Frameworks";
				PRODUCT_BUNDLE_IDENTIFIER = com.epam.SimpleTableView;
				PRODUCT_NAME = "$(TARGET_NAME)";
				SWIFT_VERSION = 3.0;
			};
			name = Release;
		};
/* End XCBuildConfiguration section */

/* Begin XCConfigurationList section */
		7628B3E21ED4788E0009EFF2 /* Build configuration list for PBXProject "SimpleTableView" */ = {
			isa = XCConfigurationList;
			buildConfigurations = (
				7628B3F71ED4788F0009EFF2 /* Debug */,
				7628B3F81ED4788F0009EFF2 /* Release */,
			);
			defaultConfigurationIsVisible = 0;
			defaultConfigurationName = Release;
		};
		7628B3F91ED4788F0009EFF2 /* Build configuration list for PBXNativeTarget "SimpleTableView" */ = {
			isa = XCConfigurationList;
			buildConfigurations = (
				7628B3FA1ED4788F0009EFF2 /* Debug */,
				7628B3FB1ED4788F0009EFF2 /* Release */,
			);
			defaultConfigurationIsVisible = 0;
			defaultConfigurationName = Release;
		};
/* End XCConfigurationList section */
	};
	rootObject = 7628B3DF1ED4788E0009EFF2 /* Project object */;
}
